{
  "originHash" : "1fa961aa1dc717cea452f3389668f0f99a254f07e4eb11d190768a53798f744f",
  "pins" : [
    {
      "identity" : "swiftlintplugins",
      "kind" : "remoteSourceControl",
      "location" : "https://github.com/SimplyDanny/SwiftLintPlugins",
      "state" : {
        "revision" : "ef264ee3ccea175f5c9efc8b814ccb48cd3fdaac",
        "version" : "0.62.1"
      }
    }
  ],
  "version" : 3
}
