// !$*UTF8*$!
{
	archiveVersion = 1;
	classes = {
	};
	objectVersion = 77;
	objects = {

/* Begin PBXBuildFile section */
		6A2E5E322EB163C9000FBAE6 /* WidgetKit.framework in Frameworks */ = {isa = PBXBuildFile; fileRef = 6A2E5E312EB163C9000FBAE6 /* WidgetKit.framework */; };
		6A2E5E342EB163C9000FBAE6 /* SwiftUI.framework in Frameworks */ = {isa = PBXBuildFile; fileRef = 6A2E5E332EB163C9000FBAE6 /* SwiftUI.framework */; };
		6A2E5E412EB163CA000FBAE6 /* SessionsLiveActivity.appex in Embed App Extensions */ = {isa = PBXBuildFile; fileRef = 6A2E5E2F2EB163C9000FBAE6 /* SessionsLiveActivity.appex */; settings = {ATTRIBUTES = (RemoveHeadersOnCopy, ); }; };
		6A614DE72EB66CD9006AF339 /* SwiftUI.framework in Frameworks */ = {isa = PBXBuildFile; fileRef = 6A2E5E332EB163C9000FBAE6 /* SwiftUI.framework */; };
		6A614DE82EB66CD9006AF339 /* WidgetKit.framework in Frameworks */ = {isa = PBXBuildFile; fileRef = 6A2E5E312EB163C9000FBAE6 /* WidgetKit.framework */; };
		6A614DF02EB66D35006AF339 /* SessionsLiveActivityDev.appex in Embed Foundation Extensions */ = {isa = PBXBuildFile; fileRef = 6A614DED2EB66CD9006AF339 /* SessionsLiveActivityDev.appex */; settings = {ATTRIBUTES = (RemoveHeadersOnCopy, ); }; };
		6A614E4E2EB6771A006AF339 /* FirebaseCrashlytics in Frameworks */ = {isa = PBXBuildFile; productRef = 6A614E4D2EB6771A006AF339 /* FirebaseCrashlytics */; };
		6A614E522EB67786006AF339 /* FirebaseCrashlytics in Frameworks */ = {isa = PBXBuildFile; productRef = 6A614E512EB67786006AF339 /* FirebaseCrashlytics */; };
		6A614E5C2EB67E3D006AF339 /* FirebaseAnalyticsCore in Frameworks */ = {isa = PBXBuildFile; productRef = 6A614E5B2EB67E3D006AF339 /* FirebaseAnalyticsCore */; };
		6A614E5E2EB67E48006AF339 /* FirebaseAnalyticsCore in Frameworks */ = {isa = PBXBuildFile; productRef = 6A614E5D2EB67E48006AF339 /* FirebaseAnalyticsCore */; };
/* End PBXBuildFile section */

/* Begin PBXContainerItemProxy section */
		6A2E5E3F2EB163CA000FBAE6 /* PBXContainerItemProxy */ = {
			isa = PBXContainerItemProxy;
			containerPortal = 37E8688F2EA1AAEC00B92107 /* Project object */;
			proxyType = 1;
			remoteGlobalIDString = 6A2E5E2E2EB163C9000FBAE6;
			remoteInfo = session.activityExtension;
		};
		6A614DF12EB66D35006AF339 /* PBXContainerItemProxy */ = {
			isa = PBXContainerItemProxy;
			containerPortal = 37E8688F2EA1AAEC00B92107 /* Project object */;
			proxyType = 1;
			remoteGlobalIDString = 6A614DE42EB66CD9006AF339;
			remoteInfo = SessionsLiveActivityDev;
		};
/* End PBXContainerItemProxy section */

/* Begin PBXCopyFilesBuildPhase section */
		6A614DF32EB66D35006AF339 /* Embed Foundation Extensions */ = {
			isa = PBXCopyFilesBuildPhase;
			buildActionMask = 2147483647;
			dstPath = "";
			dstSubfolderSpec = 13;
			files = (
				6A614DF02EB66D35006AF339 /* SessionsLiveActivityDev.appex in Embed Foundation Extensions */,
			);
			name = "Embed Foundation Extensions";
			runOnlyForDeploymentPostprocessing = 0;
		};
		8A7640C62F4F8B0100B12345 /* Embed App Extensions */ = {
			isa = PBXCopyFilesBuildPhase;
			buildActionMask = 2147483647;
			dstPath = "";
			dstSubfolderSpec = 13;
			files = (
				6A2E5E412EB163CA000FBAE6 /* SessionsLiveActivity.appex in Embed App Extensions */,
			);
			name = "Embed App Extensions";
			runOnlyForDeploymentPostprocessing = 0;
		};
/* End PBXCopyFilesBuildPhase section */

/* Begin PBXFileReference section */
		37E868972EA1AAEC00B92107 /* Sessions.app */ = {isa = PBXFileReference; explicitFileType = wrapper.application; includeInIndex = 0; path = Sessions.app; sourceTree = BUILT_PRODUCTS_DIR; };
		6A2E5E2F2EB163C9000FBAE6 /* SessionsLiveActivity.appex */ = {isa = PBXFileReference; explicitFileType = "wrapper.app-extension"; includeInIndex = 0; path = SessionsLiveActivity.appex; sourceTree = BUILT_PRODUCTS_DIR; };
		6A2E5E312EB163C9000FBAE6 /* WidgetKit.framework */ = {isa = PBXFileReference; lastKnownFileType = wrapper.framework; name = WidgetKit.framework; path = System/Library/Frameworks/WidgetKit.framework; sourceTree = SDKROOT; };
		6A2E5E332EB163C9000FBAE6 /* SwiftUI.framework */ = {isa = PBXFileReference; lastKnownFileType = wrapper.framework; name = SwiftUI.framework; path = System/Library/Frameworks/SwiftUI.framework; sourceTree = SDKROOT; };
		6A614DE12EB66BF1006AF339 /* SessionsDev.app */ = {isa = PBXFileReference; explicitFileType = wrapper.application; includeInIndex = 0; path = SessionsDev.app; sourceTree = BUILT_PRODUCTS_DIR; };
		6A614DED2EB66CD9006AF339 /* SessionsLiveActivityDev.appex */ = {isa = PBXFileReference; explicitFileType = "wrapper.app-extension"; includeInIndex = 0; path = SessionsLiveActivityDev.appex; sourceTree = BUILT_PRODUCTS_DIR; };
/* End PBXFileReference section */

/* Begin PBXFileSystemSynchronizedBuildFileExceptionSet section */
		6A2E5E452EB163CA000FBAE6 /* Exceptions for "LiveActivity" folder in "SessionsLiveActivity" target */ = {
			isa = PBXFileSystemSynchronizedBuildFileExceptionSet;
			membershipExceptions = (
				Info.plist,
				InfoDev.plist,
			);
			target = 6A2E5E2E2EB163C9000FBAE6 /* SessionsLiveActivity */;
		};
		6A2E5E4E2EB16405000FBAE6 /* Exceptions for "Sessions" folder in "SessionsLiveActivity" target */ = {
			isa = PBXFileSystemSynchronizedBuildFileExceptionSet;
			membershipExceptions = (
				Sources/Application/LiveActivities/SessionLiveActivityController.swift,
			);
			target = 6A2E5E2E2EB163C9000FBAE6 /* SessionsLiveActivity */;
		};
		6A2E5E522EB1641B000FBAE6 /* Exceptions for "LiveActivity" folder in "Sessions" target */ = {
			isa = PBXFileSystemSynchronizedBuildFileExceptionSet;
			membershipExceptions = (
				SessionLiveActivityAttributes.swift,
				SessionLiveActivityWidget.swift,
			);
			target = 37E868962EA1AAEC00B92107 /* Sessions */;
		};
		6A614DE22EB66BF1006AF339 /* Exceptions for "Sessions" folder in "SessionsDev" target */ = {
			isa = PBXFileSystemSynchronizedBuildFileExceptionSet;
			membershipExceptions = (
				Assets.xcassets,
				Info.plist,
				InfoDev.plist,
				"Sources/Application/Firebase/Prod/GoogleService-Info.plist",
			);
			target = 6A614DD52EB66BF1006AF339 /* SessionsDev */;
		};
		6A614DEE2EB66CD9006AF339 /* Exceptions for "LiveActivity" folder in "SessionsLiveActivityDev" target */ = {
			isa = PBXFileSystemSynchronizedBuildFileExceptionSet;
			membershipExceptions = (
				Assets.xcassets,
				Info.plist,
				InfoDev.plist,
			);
			target = 6A614DE42EB66CD9006AF339 /* SessionsLiveActivityDev */;
		};
		6A614DF82EB66F27006AF339 /* Exceptions for "Sessions" folder in "SessionsLiveActivityDev" target */ = {
			isa = PBXFileSystemSynchronizedBuildFileExceptionSet;
			membershipExceptions = (
				Sources/Application/LiveActivities/SessionLiveActivityController.swift,
			);
			target = 6A614DE42EB66CD9006AF339 /* SessionsLiveActivityDev */;
		};
		6A614E452EB66FB8006AF339 /* Exceptions for "LiveActivity" folder in "SessionsDev" target */ = {
			isa = PBXFileSystemSynchronizedBuildFileExceptionSet;
			membershipExceptions = (
				SessionLiveActivityAttributes.swift,
				SessionLiveActivityWidget.swift,
			);
			target = 6A614DD52EB66BF1006AF339 /* SessionsDev */;
		};
		6AD988662EAC2AFD00BF64E2 /* Exceptions for "Sessions" folder in "Sessions" target */ = {
			isa = PBXFileSystemSynchronizedBuildFileExceptionSet;
			membershipExceptions = (
				Info.plist,
				InfoDev.plist,
				"Sources/Application/Firebase/Dev/GoogleService-Info.plist",
			);
			target = 37E868962EA1AAEC00B92107 /* Sessions */;
		};
/* End PBXFileSystemSynchronizedBuildFileExceptionSet section */

/* Begin PBXFileSystemSynchronizedRootGroup section */
		37E868992EA1AAEC00B92107 /* Sessions */ = {
			isa = PBXFileSystemSynchronizedRootGroup;
			exceptions = (
				6AD988662EAC2AFD00BF64E2 /* Exceptions for "Sessions" folder in "Sessions" target */,
				6A614DE22EB66BF1006AF339 /* Exceptions for "Sessions" folder in "SessionsDev" target */,
				6A2E5E4E2EB16405000FBAE6 /* Exceptions for "Sessions" folder in "SessionsLiveActivity" target */,
				6A614DF82EB66F27006AF339 /* Exceptions for "Sessions" folder in "SessionsLiveActivityDev" target */,
			);
			path = Sessions;
			sourceTree = "<group>";
		};
		6A2E5E352EB163C9000FBAE6 /* LiveActivity */ = {
			isa = PBXFileSystemSynchronizedRootGroup;
			exceptions = (
				6A2E5E522EB1641B000FBAE6 /* Exceptions for "LiveActivity" folder in "Sessions" target */,
				6A614E452EB66FB8006AF339 /* Exceptions for "LiveActivity" folder in "SessionsDev" target */,
				6A2E5E452EB163CA000FBAE6 /* Exceptions for "LiveActivity" folder in "SessionsLiveActivity" target */,
				6A614DEE2EB66CD9006AF339 /* Exceptions for "LiveActivity" folder in "SessionsLiveActivityDev" target */,
			);
			path = LiveActivity;
			sourceTree = "<group>";
		};
/* End PBXFileSystemSynchronizedRootGroup section */

/* Begin PBXFrameworksBuildPhase section */
		37E868942EA1AAEC00B92107 /* Frameworks */ = {
			isa = PBXFrameworksBuildPhase;
			buildActionMask = 2147483647;
			files = (
				6A614E522EB67786006AF339 /* FirebaseCrashlytics in Frameworks */,
				6A614E5E2EB67E48006AF339 /* FirebaseAnalyticsCore in Frameworks */,
			);
			runOnlyForDeploymentPostprocessing = 0;
		};
		6A2E5E2C2EB163C9000FBAE6 /* Frameworks */ = {
			isa = PBXFrameworksBuildPhase;
			buildActionMask = 2147483647;
			files = (
				6A2E5E342EB163C9000FBAE6 /* SwiftUI.framework in Frameworks */,
				6A2E5E322EB163C9000FBAE6 /* WidgetKit.framework in Frameworks */,
			);
			runOnlyForDeploymentPostprocessing = 0;
		};
		6A614DDA2EB66BF1006AF339 /* Frameworks */ = {
			isa = PBXFrameworksBuildPhase;
			buildActionMask = 2147483647;
			files = (
				6A614E5C2EB67E3D006AF339 /* FirebaseAnalyticsCore in Frameworks */,
				6A614E4E2EB6771A006AF339 /* FirebaseCrashlytics in Frameworks */,
			);
			runOnlyForDeploymentPostprocessing = 0;
		};
		6A614DE62EB66CD9006AF339 /* Frameworks */ = {
			isa = PBXFrameworksBuildPhase;
			buildActionMask = 2147483647;
			files = (
				6A614DE72EB66CD9006AF339 /* SwiftUI.framework in Frameworks */,
				6A614DE82EB66CD9006AF339 /* WidgetKit.framework in Frameworks */,
			);
			runOnlyForDeploymentPostprocessing = 0;
		};
/* End PBXFrameworksBuildPhase section */

/* Begin PBXGroup section */
		37E8688E2EA1AAEC00B92107 = {
			isa = PBXGroup;
			children = (
				37E868992EA1AAEC00B92107 /* Sessions */,
				6A2E5E352EB163C9000FBAE6 /* LiveActivity */,
				6A2E5E302EB163C9000FBAE6 /* Frameworks */,
				37E868982EA1AAEC00B92107 /* Products */,
			);
			sourceTree = "<group>";
		};
		37E868982EA1AAEC00B92107 /* Products */ = {
			isa = PBXGroup;
			children = (
				37E868972EA1AAEC00B92107 /* Sessions.app */,
				6A2E5E2F2EB163C9000FBAE6 /* SessionsLiveActivity.appex */,
				6A614DE12EB66BF1006AF339 /* SessionsDev.app */,
				6A614DED2EB66CD9006AF339 /* SessionsLiveActivityDev.appex */,
			);
			name = Products;
			sourceTree = "<group>";
		};
		6A2E5E302EB163C9000FBAE6 /* Frameworks */ = {
			isa = PBXGroup;
			children = (
				6A2E5E312EB163C9000FBAE6 /* WidgetKit.framework */,
				6A2E5E332EB163C9000FBAE6 /* SwiftUI.framework */,
			);
			name = Frameworks;
			sourceTree = "<group>";
		};
/* End PBXGroup section */

/* Begin PBXNativeTarget section */
		37E868962EA1AAEC00B92107 /* Sessions */ = {
			isa = PBXNativeTarget;
			buildConfigurationList = 37E868A22EA1AAEF00B92107 /* Build configuration list for PBXNativeTarget "Sessions" */;
			buildPhases = (
				37E868932EA1AAEC00B92107 /* Sources */,
				37E868942EA1AAEC00B92107 /* Frameworks */,
				37E868952EA1AAEC00B92107 /* Resources */,
				8A7640C62F4F8B0100B12345 /* Embed App Extensions */,
				6A614E592EB678E9006AF339 /* Crashlytics */,
			);
			buildRules = (
			);
			dependencies = (
				6AD988E52EAD4B2800BF64E2 /* PBXTargetDependency */,
				6A2E5E402EB163CA000FBAE6 /* PBXTargetDependency */,
			);
			fileSystemSynchronizedGroups = (
				37E868992EA1AAEC00B92107 /* Sessions */,
			);
			name = Sessions;
			packageProductDependencies = (
				6A614E512EB67786006AF339 /* FirebaseCrashlytics */,
				6A614E5D2EB67E48006AF339 /* FirebaseAnalyticsCore */,
			);
			productName = timeline;
			productReference = 37E868972EA1AAEC00B92107 /* Sessions.app */;
			productType = "com.apple.product-type.application";
		};
		6A2E5E2E2EB163C9000FBAE6 /* SessionsLiveActivity */ = {
			isa = PBXNativeTarget;
			buildConfigurationList = 6A2E5E422EB163CA000FBAE6 /* Build configuration list for PBXNativeTarget "SessionsLiveActivity" */;
			buildPhases = (
				6A2E5E2B2EB163C9000FBAE6 /* Sources */,
				6A2E5E2C2EB163C9000FBAE6 /* Frameworks */,
				6A2E5E2D2EB163C9000FBAE6 /* Resources */,
			);
			buildRules = (
			);
			dependencies = (
			);
			fileSystemSynchronizedGroups = (
				6A2E5E352EB163C9000FBAE6 /* LiveActivity */,
			);
			name = SessionsLiveActivity;
			packageProductDependencies = (
			);
			productName = session.activityExtension;
			productReference = 6A2E5E2F2EB163C9000FBAE6 /* SessionsLiveActivity.appex */;
			productType = "com.apple.product-type.app-extension";
		};
		6A614DD52EB66BF1006AF339 /* SessionsDev */ = {
			isa = PBXNativeTarget;
			buildConfigurationList = 6A614DDE2EB66BF1006AF339 /* Build configuration list for PBXNativeTarget "SessionsDev" */;
			buildPhases = (
				6A614DD92EB66BF1006AF339 /* Sources */,
				6A614DDA2EB66BF1006AF339 /* Frameworks */,
				6A614DDB2EB66BF1006AF339 /* Resources */,
				6A614DF32EB66D35006AF339 /* Embed Foundation Extensions */,
				6A614E5A2EB67989006AF339 /* Crashlytics */,
			);
			buildRules = (
			);
			dependencies = (
				6A614DD62EB66BF1006AF339 /* PBXTargetDependency */,
				6A614DF22EB66D35006AF339 /* PBXTargetDependency */,
			);
			fileSystemSynchronizedGroups = (
				37E868992EA1AAEC00B92107 /* Sessions */,
			);
			name = SessionsDev;
			packageProductDependencies = (
				6A614E4D2EB6771A006AF339 /* FirebaseCrashlytics */,
				6A614E5B2EB67E3D006AF339 /* FirebaseAnalyticsCore */,
			);
			productName = timeline;
			productReference = 6A614DE12EB66BF1006AF339 /* SessionsDev.app */;
			productType = "com.apple.product-type.application";
		};
		6A614DE42EB66CD9006AF339 /* SessionsLiveActivityDev */ = {
			isa = PBXNativeTarget;
			buildConfigurationList = 6A614DEA2EB66CD9006AF339 /* Build configuration list for PBXNativeTarget "SessionsLiveActivityDev" */;
			buildPhases = (
				6A614DE52EB66CD9006AF339 /* Sources */,
				6A614DE62EB66CD9006AF339 /* Frameworks */,
				6A614DE92EB66CD9006AF339 /* Resources */,
			);
			buildRules = (
			);
			dependencies = (
			);
			fileSystemSynchronizedGroups = (
				6A2E5E352EB163C9000FBAE6 /* LiveActivity */,
			);
			name = SessionsLiveActivityDev;
			packageProductDependencies = (
			);
			productName = session.activityExtension;
			productReference = 6A614DED2EB66CD9006AF339 /* SessionsLiveActivityDev.appex */;
			productType = "com.apple.product-type.app-extension";
		};
/* End PBXNativeTarget section */

/* Begin PBXProject section */
		37E8688F2EA1AAEC00B92107 /* Project object */ = {
			isa = PBXProject;
			attributes = {
				BuildIndependentTargetsInParallel = 1;
				LastSwiftUpdateCheck = 2600;
				LastUpgradeCheck = 2600;
				TargetAttributes = {
					37E868962EA1AAEC00B92107 = {
						CreatedOnToolsVersion = 26.0.1;
					};
					6A2E5E2E2EB163C9000FBAE6 = {
						CreatedOnToolsVersion = 26.0.1;
					};
				};
			};
			buildConfigurationList = 37E868922EA1AAEC00B92107 /* Build configuration list for PBXProject "Sessions" */;
			developmentRegion = en;
			hasScannedForEncodings = 0;
			knownRegions = (
				en,
				Base,
			);
			mainGroup = 37E8688E2EA1AAEC00B92107;
			minimizedProjectReferenceProxies = 1;
			packageReferences = (
				6AD988E32EAD4B1900BF64E2 /* XCRemoteSwiftPackageReference "SwiftLintPlugins" */,
				6A614E4C2EB6771A006AF339 /* XCRemoteSwiftPackageReference "firebase-ios-sdk" */,
			);
			preferredProjectObjectVersion = 77;
			productRefGroup = 37E868982EA1AAEC00B92107 /* Products */;
			projectDirPath = "";
			projectRoot = "";
			targets = (
				37E868962EA1AAEC00B92107 /* Sessions */,
				6A614DD52EB66BF1006AF339 /* SessionsDev */,
				6A2E5E2E2EB163C9000FBAE6 /* SessionsLiveActivity */,
				6A614DE42EB66CD9006AF339 /* SessionsLiveActivityDev */,
			);
		};
/* End PBXProject section */

/* Begin PBXResourcesBuildPhase section */
		37E868952EA1AAEC00B92107 /* Resources */ = {
			isa = PBXResourcesBuildPhase;
			buildActionMask = 2147483647;
			files = (
			);
			runOnlyForDeploymentPostprocessing = 0;
		};
		6A2E5E2D2EB163C9000FBAE6 /* Resources */ = {
			isa = PBXResourcesBuildPhase;
			buildActionMask = 2147483647;
			files = (
			);
			runOnlyForDeploymentPostprocessing = 0;
		};
		6A614DDB2EB66BF1006AF339 /* Resources */ = {
			isa = PBXResourcesBuildPhase;
			buildActionMask = 2147483647;
			files = (
			);
			runOnlyForDeploymentPostprocessing = 0;
		};
		6A614DE92EB66CD9006AF339 /* Resources */ = {
			isa = PBXResourcesBuildPhase;
			buildActionMask = 2147483647;
			files = (
			);
			runOnlyForDeploymentPostprocessing = 0;
		};
/* End PBXResourcesBuildPhase section */

/* Begin PBXShellScriptBuildPhase section */
		6A614E592EB678E9006AF339 /* Crashlytics */ = {
			isa = PBXShellScriptBuildPhase;
			buildActionMask = 2147483647;
			files = (
			);
			inputFileListPaths = (
			);
			inputPaths = (
				"${DWARF_DSYM_FOLDER_PATH}/${DWARF_DSYM_FILE_NAME}",
				"${DWARF_DSYM_FOLDER_PATH}/${DWARF_DSYM_FILE_NAME}/Contents/Resources/DWARF/${PRODUCT_NAME}",
				"${DWARF_DSYM_FOLDER_PATH}/${DWARF_DSYM_FILE_NAME}/Contents/Info.plist",
				"$(TARGET_BUILD_DIR)/$(UNLOCALIZED_RESOURCES_FOLDER_PATH)/GoogleService-Info.plist",
				"$(TARGET_BUILD_DIR)/$(EXECUTABLE_PATH)",
				"${DWARF_DSYM_FOLDER_PATH}/${DWARF_DSYM_FILE_NAME}/Contents/Resources/DWARF/${PRODUCT_NAME}.debug.dylib",
			);
			name = Crashlytics;
			outputFileListPaths = (
			);
			outputPaths = (
			);
			runOnlyForDeploymentPostprocessing = 0;
			shellPath = /bin/sh;
			shellScript = "\"${BUILD_DIR%/Build/*}/SourcePackages/checkouts/firebase-ios-sdk/Crashlytics/run\"\n";
		};
		6A614E5A2EB67989006AF339 /* Crashlytics */ = {
			isa = PBXShellScriptBuildPhase;
			buildActionMask = 2147483647;
			files = (
			);
			inputFileListPaths = (
			);
			inputPaths = (
				"${DWARF_DSYM_FOLDER_PATH}/${DWARF_DSYM_FILE_NAME}",
				"${DWARF_DSYM_FOLDER_PATH}/${DWARF_DSYM_FILE_NAME}/Contents/Resources/DWARF/${PRODUCT_NAME}",
				"${DWARF_DSYM_FOLDER_PATH}/${DWARF_DSYM_FILE_NAME}/Contents/Info.plist",
				"$(TARGET_BUILD_DIR)/$(UNLOCALIZED_RESOURCES_FOLDER_PATH)/GoogleService-Info.plist",
				"$(TARGET_BUILD_DIR)/$(EXECUTABLE_PATH)",
				"${DWARF_DSYM_FOLDER_PATH}/${DWARF_DSYM_FILE_NAME}/Contents/Resources/DWARF/${PRODUCT_NAME}.debug.dylib",
			);
			name = Crashlytics;
			outputFileListPaths = (
			);
			outputPaths = (
			);
			runOnlyForDeploymentPostprocessing = 0;
			shellPath = /bin/sh;
			shellScript = "\"${BUILD_DIR%/Build/*}/SourcePackages/checkouts/firebase-ios-sdk/Crashlytics/run\"\n";
		};
/* End PBXShellScriptBuildPhase section */

/* Begin PBXSourcesBuildPhase section */
		37E868932EA1AAEC00B92107 /* Sources */ = {
			isa = PBXSourcesBuildPhase;
			buildActionMask = 2147483647;
			files = (
			);
			runOnlyForDeploymentPostprocessing = 0;
		};
		6A2E5E2B2EB163C9000FBAE6 /* Sources */ = {
			isa = PBXSourcesBuildPhase;
			buildActionMask = 2147483647;
			files = (
			);
			runOnlyForDeploymentPostprocessing = 0;
		};
		6A614DD92EB66BF1006AF339 /* Sources */ = {
			isa = PBXSourcesBuildPhase;
			buildActionMask = 2147483647;
			files = (
			);
			runOnlyForDeploymentPostprocessing = 0;
		};
		6A614DE52EB66CD9006AF339 /* Sources */ = {
			isa = PBXSourcesBuildPhase;
			buildActionMask = 2147483647;
			files = (
			);
			runOnlyForDeploymentPostprocessing = 0;
		};
/* End PBXSourcesBuildPhase section */

/* Begin PBXTargetDependency section */
		6A2E5E402EB163CA000FBAE6 /* PBXTargetDependency */ = {
			isa = PBXTargetDependency;
			target = 6A2E5E2E2EB163C9000FBAE6 /* SessionsLiveActivity */;
			targetProxy = 6A2E5E3F2EB163CA000FBAE6 /* PBXContainerItemProxy */;
		};
		6A614DD62EB66BF1006AF339 /* PBXTargetDependency */ = {
			isa = PBXTargetDependency;
			productRef = 6AD988E42EAD4B2800BF64E2 /* SwiftLintBuildToolPlugin */;
		};
		6A614DF22EB66D35006AF339 /* PBXTargetDependency */ = {
			isa = PBXTargetDependency;
			target = 6A614DE42EB66CD9006AF339 /* SessionsLiveActivityDev */;
			targetProxy = 6A614DF12EB66D35006AF339 /* PBXContainerItemProxy */;
		};
		6AD988E52EAD4B2800BF64E2 /* PBXTargetDependency */ = {
			isa = PBXTargetDependency;
			productRef = 6AD988E42EAD4B2800BF64E2 /* SwiftLintBuildToolPlugin */;
		};
/* End PBXTargetDependency section */

/* Begin XCBuildConfiguration section */
		37E868A02EA1AAEF00B92107 /* Debug */ = {
			isa = XCBuildConfiguration;
			buildSettings = {
				ALWAYS_SEARCH_USER_PATHS = NO;
				ASSETCATALOG_COMPILER_GENERATE_SWIFT_ASSET_SYMBOL_EXTENSIONS = YES;
				CLANG_ANALYZER_NONNULL = YES;
				CLANG_ANALYZER_NUMBER_OBJECT_CONVERSION = YES_AGGRESSIVE;
				CLANG_CXX_LANGUAGE_STANDARD = "gnu++20";
				CLANG_ENABLE_MODULES = YES;
				CLANG_ENABLE_OBJC_ARC = YES;
				CLANG_ENABLE_OBJC_WEAK = YES;
				CLANG_WARN_BLOCK_CAPTURE_AUTORELEASING = YES;
				CLANG_WARN_BOOL_CONVERSION = YES;
				CLANG_WARN_COMMA = YES;
				CLANG_WARN_CONSTANT_CONVERSION = YES;
				CLANG_WARN_DEPRECATED_OBJC_IMPLEMENTATIONS = YES;
				CLANG_WARN_DIRECT_OBJC_ISA_USAGE = YES_ERROR;
				CLANG_WARN_DOCUMENTATION_COMMENTS = YES;
				CLANG_WARN_EMPTY_BODY = YES;
				CLANG_WARN_ENUM_CONVERSION = YES;
				CLANG_WARN_INFINITE_RECURSION = YES;
				CLANG_WARN_INT_CONVERSION = YES;
				CLANG_WARN_NON_LITERAL_NULL_CONVERSION = YES;
				CLANG_WARN_OBJC_IMPLICIT_RETAIN_SELF = YES;
				CLANG_WARN_OBJC_LITERAL_CONVERSION = YES;
				CLANG_WARN_OBJC_ROOT_CLASS = YES_ERROR;
				CLANG_WARN_QUOTED_INCLUDE_IN_FRAMEWORK_HEADER = YES;
				CLANG_WARN_RANGE_LOOP_ANALYSIS = YES;
				CLANG_WARN_STRICT_PROTOTYPES = YES;
				CLANG_WARN_SUSPICIOUS_MOVE = YES;
				CLANG_WARN_UNGUARDED_AVAILABILITY = YES_AGGRESSIVE;
				CLANG_WARN_UNREACHABLE_CODE = YES;
				CLANG_WARN__DUPLICATE_METHOD_MATCH = YES;
				COPY_PHASE_STRIP = NO;
				DEBUG_INFORMATION_FORMAT = dwarf;
				DEVELOPMENT_TEAM = 64Z8UBSHMW;
				ENABLE_STRICT_OBJC_MSGSEND = YES;
				ENABLE_TESTABILITY = YES;
				ENABLE_USER_SCRIPT_SANDBOXING = YES;
				GCC_C_LANGUAGE_STANDARD = gnu17;
				GCC_DYNAMIC_NO_PIC = NO;
				GCC_NO_COMMON_BLOCKS = YES;
				GCC_OPTIMIZATION_LEVEL = 0;
				GCC_PREPROCESSOR_DEFINITIONS = (
					"DEBUG=1",
					"$(inherited)",
				);
				GCC_WARN_64_TO_32_BIT_CONVERSION = YES;
				GCC_WARN_ABOUT_RETURN_TYPE = YES_ERROR;
				GCC_WARN_UNDECLARED_SELECTOR = YES;
				GCC_WARN_UNINITIALIZED_AUTOS = YES_AGGRESSIVE;
				GCC_WARN_UNUSED_FUNCTION = YES;
				GCC_WARN_UNUSED_VARIABLE = YES;
				IPHONEOS_DEPLOYMENT_TARGET = 26.0;
				LOCALIZATION_PREFERS_STRING_CATALOGS = YES;
				MARKETING_VERSION = 0.1.0;
				MTL_ENABLE_DEBUG_INFO = INCLUDE_SOURCE;
				MTL_FAST_MATH = YES;
				ONLY_ACTIVE_ARCH = YES;
				SDKROOT = iphoneos;
				SWIFT_ACTIVE_COMPILATION_CONDITIONS = "DEBUG $(inherited)";
				SWIFT_OPTIMIZATION_LEVEL = "-Onone";
			};
			name = Debug;
		};
		37E868A12EA1AAEF00B92107 /* Release */ = {
			isa = XCBuildConfiguration;
			buildSettings = {
				ALWAYS_SEARCH_USER_PATHS = NO;
				ASSETCATALOG_COMPILER_GENERATE_SWIFT_ASSET_SYMBOL_EXTENSIONS = YES;
				CLANG_ANALYZER_NONNULL = YES;
				CLANG_ANALYZER_NUMBER_OBJECT_CONVERSION = YES_AGGRESSIVE;
				CLANG_CXX_LANGUAGE_STANDARD = "gnu++20";
				CLANG_ENABLE_MODULES = YES;
				CLANG_ENABLE_OBJC_ARC = YES;
				CLANG_ENABLE_OBJC_WEAK = YES;
				CLANG_WARN_BLOCK_CAPTURE_AUTORELEASING = YES;
				CLANG_WARN_BOOL_CONVERSION = YES;
				CLANG_WARN_COMMA = YES;
				CLANG_WARN_CONSTANT_CONVERSION = YES;
				CLANG_WARN_DEPRECATED_OBJC_IMPLEMENTATIONS = YES;
				CLANG_WARN_DIRECT_OBJC_ISA_USAGE = YES_ERROR;
				CLANG_WARN_DOCUMENTATION_COMMENTS = YES;
				CLANG_WARN_EMPTY_BODY = YES;
				CLANG_WARN_ENUM_CONVERSION = YES;
				CLANG_WARN_INFINITE_RECURSION = YES;
				CLANG_WARN_INT_CONVERSION = YES;
				CLANG_WARN_NON_LITERAL_NULL_CONVERSION = YES;
				CLANG_WARN_OBJC_IMPLICIT_RETAIN_SELF = YES;
				CLANG_WARN_OBJC_LITERAL_CONVERSION = YES;
				CLANG_WARN_OBJC_ROOT_CLASS = YES_ERROR;
				CLANG_WARN_QUOTED_INCLUDE_IN_FRAMEWORK_HEADER = YES;
				CLANG_WARN_RANGE_LOOP_ANALYSIS = YES;
				CLANG_WARN_STRICT_PROTOTYPES = YES;
				CLANG_WARN_SUSPICIOUS_MOVE = YES;
				CLANG_WARN_UNGUARDED_AVAILABILITY = YES_AGGRESSIVE;
				CLANG_WARN_UNREACHABLE_CODE = YES;
				CLANG_WARN__DUPLICATE_METHOD_MATCH = YES;
				COPY_PHASE_STRIP = NO;
				DEBUG_INFORMATION_FORMAT = "dwarf-with-dsym";
				DEVELOPMENT_TEAM = 64Z8UBSHMW;
				ENABLE_NS_ASSERTIONS = NO;
				ENABLE_STRICT_OBJC_MSGSEND = YES;
				ENABLE_USER_SCRIPT_SANDBOXING = YES;
				GCC_C_LANGUAGE_STANDARD = gnu17;
				GCC_NO_COMMON_BLOCKS = YES;
				GCC_WARN_64_TO_32_BIT_CONVERSION = YES;
				GCC_WARN_ABOUT_RETURN_TYPE = YES_ERROR;
				GCC_WARN_UNDECLARED_SELECTOR = YES;
				GCC_WARN_UNINITIALIZED_AUTOS = YES_AGGRESSIVE;
				GCC_WARN_UNUSED_FUNCTION = YES;
				GCC_WARN_UNUSED_VARIABLE = YES;
				IPHONEOS_DEPLOYMENT_TARGET = 26.0;
				LOCALIZATION_PREFERS_STRING_CATALOGS = YES;
				MARKETING_VERSION = 0.1.0;
				MTL_ENABLE_DEBUG_INFO = NO;
				MTL_FAST_MATH = YES;
				SDKROOT = iphoneos;
				SWIFT_COMPILATION_MODE = wholemodule;
				VALIDATE_PRODUCT = YES;
			};
			name = Release;
		};
		37E868A32EA1AAEF00B92107 /* Debug */ = {
			isa = XCBuildConfiguration;
			buildSettings = {
				ASSETCATALOG_COMPILER_APPICON_NAME = AppIcon;
				ASSETCATALOG_COMPILER_GLOBAL_ACCENT_COLOR_NAME = AccentColor;
				CODE_SIGN_ENTITLEMENTS = Sessions/Sessions.entitlements;
				CODE_SIGN_IDENTITY = "Apple Development";
				CODE_SIGN_STYLE = Automatic;
				CURRENT_PROJECT_VERSION = 1;
				DEBUG_INFORMATION_FORMAT = "dwarf-with-dsym";
				DEVELOPMENT_TEAM = 96G8B7SJ53;
				ENABLE_PREVIEWS = YES;
				GENERATE_INFOPLIST_FILE = YES;
				INFOPLIST_FILE = Sessions/Info.plist;
				INFOPLIST_KEY_CFBundleDisplayName = Sessions;
				INFOPLIST_KEY_NSSupportsLiveActivities = YES;
				INFOPLIST_KEY_UIApplicationSceneManifest_Generation = YES;
				INFOPLIST_KEY_UIApplicationSupportsIndirectInputEvents = YES;
				INFOPLIST_KEY_UILaunchScreen_Generation = YES;
				INFOPLIST_KEY_UISupportedInterfaceOrientations_iPad = "UIInterfaceOrientationPortrait UIInterfaceOrientationPortraitUpsideDown UIInterfaceOrientationLandscapeLeft UIInterfaceOrientationLandscapeRight";
				INFOPLIST_KEY_UISupportedInterfaceOrientations_iPhone = "UIInterfaceOrientationPortrait UIInterfaceOrientationLandscapeLeft UIInterfaceOrientationLandscapeRight";
				LD_RUNPATH_SEARCH_PATHS = (
					"$(inherited)",
					"@executable_path/Frameworks",
				);
				MARKETING_VERSION = "$(MARKETING_VERSION)";
				OTHER_LDFLAGS = "-ObjC";
				PRODUCT_BUNDLE_IDENTIFIER = com.gsonlabs.sessionsapp;
				PRODUCT_NAME = "$(TARGET_NAME)";
				PROVISIONING_PROFILE_SPECIFIER = "";
				STRING_CATALOG_GENERATE_SYMBOLS = YES;
				SWIFT_APPROACHABLE_CONCURRENCY = YES;
				SWIFT_DEFAULT_ACTOR_ISOLATION = MainActor;
				SWIFT_EMIT_LOC_STRINGS = YES;
				SWIFT_UPCOMING_FEATURE_MEMBER_IMPORT_VISIBILITY = YES;
				SWIFT_VERSION = 5.0;
				TARGETED_DEVICE_FAMILY = "1,2";
			};
			name = Debug;
		};
		37E868A42EA1AAEF00B92107 /* Release */ = {
			isa = XCBuildConfiguration;
			buildSettings = {
				ASSETCATALOG_COMPILER_APPICON_NAME = AppIcon;
				ASSETCATALOG_COMPILER_GLOBAL_ACCENT_COLOR_NAME = AccentColor;
				CODE_SIGN_ENTITLEMENTS = Sessions/Sessions.entitlements;
				CODE_SIGN_IDENTITY = "Apple Development";
				CODE_SIGN_STYLE = Automatic;
				CURRENT_PROJECT_VERSION = 1;
				DEVELOPMENT_TEAM = 96G8B7SJ53;
				ENABLE_PREVIEWS = YES;
				GENERATE_INFOPLIST_FILE = YES;
				INFOPLIST_FILE = Sessions/Info.plist;
				INFOPLIST_KEY_CFBundleDisplayName = Sessions;
				INFOPLIST_KEY_NSSupportsLiveActivities = YES;
				INFOPLIST_KEY_UIApplicationSceneManifest_Generation = YES;
				INFOPLIST_KEY_UIApplicationSupportsIndirectInputEvents = YES;
				INFOPLIST_KEY_UILaunchScreen_Generation = YES;
				INFOPLIST_KEY_UISupportedInterfaceOrientations_iPad = "UIInterfaceOrientationPortrait UIInterfaceOrientationPortraitUpsideDown UIInterfaceOrientationLandscapeLeft UIInterfaceOrientationLandscapeRight";
				INFOPLIST_KEY_UISupportedInterfaceOrientations_iPhone = "UIInterfaceOrientationPortrait UIInterfaceOrientationLandscapeLeft UIInterfaceOrientationLandscapeRight";
				LD_RUNPATH_SEARCH_PATHS = (
					"$(inherited)",
					"@executable_path/Frameworks",
				);
				MARKETING_VERSION = "$(MARKETING_VERSION)";
				OTHER_LDFLAGS = "-ObjC";
				PRODUCT_BUNDLE_IDENTIFIER = com.gsonlabs.sessionsapp;
				PRODUCT_NAME = "$(TARGET_NAME)";
				PROVISIONING_PROFILE_SPECIFIER = "";
				STRING_CATALOG_GENERATE_SYMBOLS = YES;
				SWIFT_APPROACHABLE_CONCURRENCY = YES;
				SWIFT_DEFAULT_ACTOR_ISOLATION = MainActor;
				SWIFT_EMIT_LOC_STRINGS = YES;
				SWIFT_UPCOMING_FEATURE_MEMBER_IMPORT_VISIBILITY = YES;
				SWIFT_VERSION = 5.0;
				TARGETED_DEVICE_FAMILY = "1,2";
			};
			name = Release;
		};
		6A2E5E432EB163CA000FBAE6 /* Debug */ = {
			isa = XCBuildConfiguration;
			buildSettings = {
				ASSETCATALOG_COMPILER_GLOBAL_ACCENT_COLOR_NAME = AccentColor;
				ASSETCATALOG_COMPILER_WIDGET_BACKGROUND_COLOR_NAME = WidgetBackground;
				CODE_SIGN_IDENTITY = "Apple Development";
				CODE_SIGN_STYLE = Automatic;
				CURRENT_PROJECT_VERSION = 1;
				DEVELOPMENT_TEAM = 96G8B7SJ53;
				GENERATE_INFOPLIST_FILE = YES;
				INFOPLIST_FILE = LiveActivity/Info.plist;
				INFOPLIST_KEY_CFBundleDisplayName = SessionsLiveActivity;
				INFOPLIST_KEY_NSHumanReadableCopyright = "";
				LD_RUNPATH_SEARCH_PATHS = (
					"$(inherited)",
					"@executable_path/Frameworks",
					"@executable_path/../../Frameworks",
				);
				MARKETING_VERSION = "$(MARKETING_VERSION)";
				PRODUCT_BUNDLE_IDENTIFIER = com.gsonlabs.sessionsapp.liveactivity;
				PRODUCT_NAME = "$(TARGET_NAME)";
				SKIP_INSTALL = YES;
				STRING_CATALOG_GENERATE_SYMBOLS = YES;
				SWIFT_APPROACHABLE_CONCURRENCY = YES;
				SWIFT_EMIT_LOC_STRINGS = YES;
				SWIFT_UPCOMING_FEATURE_MEMBER_IMPORT_VISIBILITY = YES;
				SWIFT_VERSION = 5.0;
				TARGETED_DEVICE_FAMILY = "1,2";
			};
			name = Debug;
		};
		6A2E5E442EB163CA000FBAE6 /* Release */ = {
			isa = XCBuildConfiguration;
			buildSettings = {
				ASSETCATALOG_COMPILER_GLOBAL_ACCENT_COLOR_NAME = AccentColor;
				ASSETCATALOG_COMPILER_WIDGET_BACKGROUND_COLOR_NAME = WidgetBackground;
				CODE_SIGN_IDENTITY = "Apple Development";
				CODE_SIGN_STYLE = Automatic;
				CURRENT_PROJECT_VERSION = 1;
				DEVELOPMENT_TEAM = 96G8B7SJ53;
				GENERATE_INFOPLIST_FILE = YES;
				INFOPLIST_FILE = LiveActivity/Info.plist;
				INFOPLIST_KEY_CFBundleDisplayName = SessionsLiveActivity;
				INFOPLIST_KEY_NSHumanReadableCopyright = "";
				LD_RUNPATH_SEARCH_PATHS = (
					"$(inherited)",
					"@executable_path/Frameworks",
					"@executable_path/../../Frameworks",
				);
				MARKETING_VERSION = "$(MARKETING_VERSION)";
				PRODUCT_BUNDLE_IDENTIFIER = com.gsonlabs.sessionsapp.liveactivity;
				PRODUCT_NAME = "$(TARGET_NAME)";
				SKIP_INSTALL = YES;
				STRING_CATALOG_GENERATE_SYMBOLS = YES;
				SWIFT_APPROACHABLE_CONCURRENCY = YES;
				SWIFT_EMIT_LOC_STRINGS = YES;
				SWIFT_UPCOMING_FEATURE_MEMBER_IMPORT_VISIBILITY = YES;
				SWIFT_VERSION = 5.0;
				TARGETED_DEVICE_FAMILY = "1,2";
			};
			name = Release;
		};
		6A614DDF2EB66BF1006AF339 /* Debug */ = {
			isa = XCBuildConfiguration;
			buildSettings = {
				ASSETCATALOG_COMPILER_APPICON_NAME = AppIcon;
				ASSETCATALOG_COMPILER_GLOBAL_ACCENT_COLOR_NAME = AccentColor;
				CODE_SIGN_ENTITLEMENTS = Sessions/Sessions.entitlements;
				CODE_SIGN_IDENTITY = "Apple Development";
				CODE_SIGN_STYLE = Automatic;
				CURRENT_PROJECT_VERSION = 1;
				DEBUG_INFORMATION_FORMAT = "dwarf-with-dsym";
				DEVELOPMENT_TEAM = 96G8B7SJ53;
				ENABLE_PREVIEWS = YES;
				GENERATE_INFOPLIST_FILE = YES;
				INFOPLIST_FILE = Sessions/InfoDev.plist;
				INFOPLIST_KEY_CFBundleDisplayName = SessionsDev;
				INFOPLIST_KEY_NSSupportsLiveActivities = YES;
				INFOPLIST_KEY_UIApplicationSceneManifest_Generation = YES;
				INFOPLIST_KEY_UIApplicationSupportsIndirectInputEvents = YES;
				INFOPLIST_KEY_UILaunchScreen_Generation = YES;
				INFOPLIST_KEY_UISupportedInterfaceOrientations_iPad = "UIInterfaceOrientationPortrait UIInterfaceOrientationPortraitUpsideDown UIInterfaceOrientationLandscapeLeft UIInterfaceOrientationLandscapeRight";
				INFOPLIST_KEY_UISupportedInterfaceOrientations_iPhone = "UIInterfaceOrientationPortrait UIInterfaceOrientationLandscapeLeft UIInterfaceOrientationLandscapeRight";
				LD_RUNPATH_SEARCH_PATHS = (
					"$(inherited)",
					"@executable_path/Frameworks",
				);
				MARKETING_VERSION = "$(MARKETING_VERSION)";
				OTHER_LDFLAGS = "-ObjC ";
				PRODUCT_BUNDLE_IDENTIFIER = com.gsonlabs.sessionsapp.dev;
				PRODUCT_NAME = "$(TARGET_NAME)";
				PROVISIONING_PROFILE_SPECIFIER = "";
				STRING_CATALOG_GENERATE_SYMBOLS = YES;
				SWIFT_APPROACHABLE_CONCURRENCY = YES;
				SWIFT_DEFAULT_ACTOR_ISOLATION = MainActor;
				SWIFT_EMIT_LOC_STRINGS = YES;
				SWIFT_UPCOMING_FEATURE_MEMBER_IMPORT_VISIBILITY = YES;
				SWIFT_VERSION = 5.0;
				TARGETED_DEVICE_FAMILY = "1,2";
			};
			name = Debug;
		};
		6A614DE02EB66BF1006AF339 /* Release */ = {
			isa = XCBuildConfiguration;
			buildSettings = {
				ASSETCATALOG_COMPILER_APPICON_NAME = AppIcon;
				ASSETCATALOG_COMPILER_GLOBAL_ACCENT_COLOR_NAME = AccentColor;
				CODE_SIGN_ENTITLEMENTS = Sessions/Sessions.entitlements;
				CODE_SIGN_IDENTITY = "Apple Development";
				CODE_SIGN_STYLE = Automatic;
				CURRENT_PROJECT_VERSION = 1;
				DEVELOPMENT_TEAM = 96G8B7SJ53;
				ENABLE_PREVIEWS = YES;
				GENERATE_INFOPLIST_FILE = YES;
				INFOPLIST_FILE = Sessions/InfoDev.plist;
				INFOPLIST_KEY_CFBundleDisplayName = SessionsDev;
				INFOPLIST_KEY_NSSupportsLiveActivities = YES;
				INFOPLIST_KEY_UIApplicationSceneManifest_Generation = YES;
				INFOPLIST_KEY_UIApplicationSupportsIndirectInputEvents = YES;
				INFOPLIST_KEY_UILaunchScreen_Generation = YES;
				INFOPLIST_KEY_UISupportedInterfaceOrientations_iPad = "UIInterfaceOrientationPortrait UIInterfaceOrientationPortraitUpsideDown UIInterfaceOrientationLandscapeLeft UIInterfaceOrientationLandscapeRight";
				INFOPLIST_KEY_UISupportedInterfaceOrientations_iPhone = "UIInterfaceOrientationPortrait UIInterfaceOrientationLandscapeLeft UIInterfaceOrientationLandscapeRight";
				LD_RUNPATH_SEARCH_PATHS = (
					"$(inherited)",
					"@executable_path/Frameworks",
				);
				MARKETING_VERSION = "$(MARKETING_VERSION)";
				OTHER_LDFLAGS = "-ObjC ";
				PRODUCT_BUNDLE_IDENTIFIER = com.gsonlabs.sessionsapp.dev;
				PRODUCT_NAME = "$(TARGET_NAME)";
				PROVISIONING_PROFILE_SPECIFIER = "";
				STRING_CATALOG_GENERATE_SYMBOLS = YES;
				SWIFT_APPROACHABLE_CONCURRENCY = YES;
				SWIFT_DEFAULT_ACTOR_ISOLATION = MainActor;
				SWIFT_EMIT_LOC_STRINGS = YES;
				SWIFT_UPCOMING_FEATURE_MEMBER_IMPORT_VISIBILITY = YES;
				SWIFT_VERSION = 5.0;
				TARGETED_DEVICE_FAMILY = "1,2";
			};
			name = Release;
		};
		6A614DEB2EB66CD9006AF339 /* Debug */ = {
			isa = XCBuildConfiguration;
			buildSettings = {
				ASSETCATALOG_COMPILER_GLOBAL_ACCENT_COLOR_NAME = AccentColor;
				ASSETCATALOG_COMPILER_WIDGET_BACKGROUND_COLOR_NAME = WidgetBackground;
				CODE_SIGN_IDENTITY = "Apple Development";
				CODE_SIGN_STYLE = Automatic;
				CURRENT_PROJECT_VERSION = 1;
				DEVELOPMENT_TEAM = 96G8B7SJ53;
				GENERATE_INFOPLIST_FILE = YES;
				INFOPLIST_FILE = LiveActivity/InfoDev.plist;
				INFOPLIST_KEY_CFBundleDisplayName = SessionsLiveActivity;
				INFOPLIST_KEY_NSHumanReadableCopyright = "";
				LD_RUNPATH_SEARCH_PATHS = (
					"$(inherited)",
					"@executable_path/Frameworks",
					"@executable_path/../../Frameworks",
				);
				MARKETING_VERSION = "$(MARKETING_VERSION)";
				PRODUCT_BUNDLE_IDENTIFIER = com.gsonlabs.sessionsapp.dev.liveactivity;
				PRODUCT_NAME = "$(TARGET_NAME)";
				SKIP_INSTALL = YES;
				STRING_CATALOG_GENERATE_SYMBOLS = YES;
				SWIFT_APPROACHABLE_CONCURRENCY = YES;
				SWIFT_EMIT_LOC_STRINGS = YES;
				SWIFT_UPCOMING_FEATURE_MEMBER_IMPORT_VISIBILITY = YES;
				SWIFT_VERSION = 5.0;
				TARGETED_DEVICE_FAMILY = "1,2";
			};
			name = Debug;
		};
		6A614DEC2EB66CD9006AF339 /* Release */ = {
			isa = XCBuildConfiguration;
			buildSettings = {
				ASSETCATALOG_COMPILER_GLOBAL_ACCENT_COLOR_NAME = AccentColor;
				ASSETCATALOG_COMPILER_WIDGET_BACKGROUND_COLOR_NAME = WidgetBackground;
				CODE_SIGN_IDENTITY = "Apple Development";
				CODE_SIGN_STYLE = Automatic;
				CURRENT_PROJECT_VERSION = 1;
				DEVELOPMENT_TEAM = 96G8B7SJ53;
				GENERATE_INFOPLIST_FILE = YES;
				INFOPLIST_FILE = LiveActivity/InfoDev.plist;
				INFOPLIST_KEY_CFBundleDisplayName = SessionsLiveActivity;
				INFOPLIST_KEY_NSHumanReadableCopyright = "";
				LD_RUNPATH_SEARCH_PATHS = (
					"$(inherited)",
					"@executable_path/Frameworks",
					"@executable_path/../../Frameworks",
				);
				MARKETING_VERSION = "$(MARKETING_VERSION)";
				PRODUCT_BUNDLE_IDENTIFIER = com.gsonlabs.sessionsapp.dev.liveactivity;
				PRODUCT_NAME = "$(TARGET_NAME)";
				SKIP_INSTALL = YES;
				STRING_CATALOG_GENERATE_SYMBOLS = YES;
				SWIFT_APPROACHABLE_CONCURRENCY = YES;
				SWIFT_EMIT_LOC_STRINGS = YES;
				SWIFT_UPCOMING_FEATURE_MEMBER_IMPORT_VISIBILITY = YES;
				SWIFT_VERSION = 5.0;
				TARGETED_DEVICE_FAMILY = "1,2";
			};
			name = Release;
		};
/* End XCBuildConfiguration section */

/* Begin XCConfigurationList section */
		37E868922EA1AAEC00B92107 /* Build configuration list for PBXProject "Sessions" */ = {
			isa = XCConfigurationList;
			buildConfigurations = (
				37E868A02EA1AAEF00B92107 /* Debug */,
				37E868A12EA1AAEF00B92107 /* Release */,
			);
			defaultConfigurationIsVisible = 0;
			defaultConfigurationName = Release;
		};
		37E868A22EA1AAEF00B92107 /* Build configuration list for PBXNativeTarget "Sessions" */ = {
			isa = XCConfigurationList;
			buildConfigurations = (
				37E868A32EA1AAEF00B92107 /* Debug */,
				37E868A42EA1AAEF00B92107 /* Release */,
			);
			defaultConfigurationIsVisible = 0;
			defaultConfigurationName = Release;
		};
		6A2E5E422EB163CA000FBAE6 /* Build configuration list for PBXNativeTarget "SessionsLiveActivity" */ = {
			isa = XCConfigurationList;
			buildConfigurations = (
				6A2E5E432EB163CA000FBAE6 /* Debug */,
				6A2E5E442EB163CA000FBAE6 /* Release */,
			);
			defaultConfigurationIsVisible = 0;
			defaultConfigurationName = Release;
		};
		6A614DDE2EB66BF1006AF339 /* Build configuration list for PBXNativeTarget "SessionsDev" */ = {
			isa = XCConfigurationList;
			buildConfigurations = (
				6A614DDF2EB66BF1006AF339 /* Debug */,
				6A614DE02EB66BF1006AF339 /* Release */,
			);
			defaultConfigurationIsVisible = 0;
			defaultConfigurationName = Release;
		};
		6A614DEA2EB66CD9006AF339 /* Build configuration list for PBXNativeTarget "SessionsLiveActivityDev" */ = {
			isa = XCConfigurationList;
			buildConfigurations = (
				6A614DEB2EB66CD9006AF339 /* Debug */,
				6A614DEC2EB66CD9006AF339 /* Release */,
			);
			defaultConfigurationIsVisible = 0;
			defaultConfigurationName = Release;
		};
/* End XCConfigurationList section */

/* Begin XCRemoteSwiftPackageReference section */
		6A614E4C2EB6771A006AF339 /* XCRemoteSwiftPackageReference "firebase-ios-sdk" */ = {
			isa = XCRemoteSwiftPackageReference;
			repositoryURL = "https://github.com/firebase/firebase-ios-sdk";
			requirement = {
				kind = upToNextMajorVersion;
				minimumVersion = 12.5.0;
			};
		};
		6AD988E32EAD4B1900BF64E2 /* XCRemoteSwiftPackageReference "SwiftLintPlugins" */ = {
			isa = XCRemoteSwiftPackageReference;
			repositoryURL = "https://github.com/SimplyDanny/SwiftLintPlugins";
			requirement = {
				kind = upToNextMajorVersion;
				minimumVersion = 0.62.1;
			};
		};
/* End XCRemoteSwiftPackageReference section */

/* Begin XCSwiftPackageProductDependency section */
		6A614E4D2EB6771A006AF339 /* FirebaseCrashlytics */ = {
			isa = XCSwiftPackageProductDependency;
			package = 6A614E4C2EB6771A006AF339 /* XCRemoteSwiftPackageReference "firebase-ios-sdk" */;
			productName = FirebaseCrashlytics;
		};
		6A614E512EB67786006AF339 /* FirebaseCrashlytics */ = {
			isa = XCSwiftPackageProductDependency;
			package = 6A614E4C2EB6771A006AF339 /* XCRemoteSwiftPackageReference "firebase-ios-sdk" */;
			productName = FirebaseCrashlytics;
		};
		6A614E5B2EB67E3D006AF339 /* FirebaseAnalyticsCore */ = {
			isa = XCSwiftPackageProductDependency;
			package = 6A614E4C2EB6771A006AF339 /* XCRemoteSwiftPackageReference "firebase-ios-sdk" */;
			productName = FirebaseAnalyticsCore;
		};
		6A614E5D2EB67E48006AF339 /* FirebaseAnalyticsCore */ = {
			isa = XCSwiftPackageProductDependency;
			package = 6A614E4C2EB6771A006AF339 /* XCRemoteSwiftPackageReference "firebase-ios-sdk" */;
			productName = FirebaseAnalyticsCore;
		};
		6AD988E42EAD4B2800BF64E2 /* SwiftLintBuildToolPlugin */ = {
			isa = XCSwiftPackageProductDependency;
			package = 6AD988E32EAD4B1900BF64E2 /* XCRemoteSwiftPackageReference "SwiftLintPlugins" */;
			productName = "plugin:SwiftLintBuildToolPlugin";
		};
/* End XCSwiftPackageProductDependency section */
	};
	rootObject = 37E8688F2EA1AAEC00B92107 /* Project object */;
}
